// !$*UTF8*$!
{
	archiveVersion = 1;
	classes = {
	};
	objectVersion = 50;
	objects = {

/* Begin PBXBuildFile section */
		FA989967234DB67400B90122 /* AppDelegate.swift in Sources */ = {isa = PBXBuildFile; fileRef = FA989966234DB67400B90122 /* AppDelegate.swift */; };
		FA989969234DB67400B90122 /* SceneDelegate.swift in Sources */ = {isa = PBXBuildFile; fileRef = FA989968234DB67400B90122 /* SceneDelegate.swift */; };
		FA98996B234DB67400B90122 /* ViewController.swift in Sources */ = {isa = PBXBuildFile; fileRef = FA98996A234DB67400B90122 /* ViewController.swift */; };
		FA98996E234DB67400B90122 /* Main.storyboard in Resources */ = {isa = PBXBuildFile; fileRef = FA98996C234DB67400B90122 /* Main.storyboard */; };
		FA989971234DB67400B90122 /* BUBusTracker.xcdatamodeld in Sources */ = {isa = PBXBuildFile; fileRef = FA98996F234DB67400B90122 /* BUBusTracker.xcdatamodeld */; };
		FA989973234DB67400B90122 /* Assets.xcassets in Resources */ = {isa = PBXBuildFile; fileRef = FA989972234DB67400B90122 /* Assets.xcassets */; };
		FA989976234DB67400B90122 /* LaunchScreen.storyboard in Resources */ = {isa = PBXBuildFile; fileRef = FA989974234DB67400B90122 /* LaunchScreen.storyboard */; };
/* End PBXBuildFile section */

/* Begin PBXFileReference section */
		FA989963234DB67400B90122 /* BUBusTracker.app */ = {isa = PBXFileReference; explicitFileType = wrapper.application; includeInIndex = 0; path = BUBusTracker.app; sourceTree = BUILT_PRODUCTS_DIR; };
		FA989966234DB67400B90122 /* AppDelegate.swift */ = {isa = PBXFileReference; lastKnownFileType = sourcecode.swift; path = AppDelegate.swift; sourceTree = "<group>"; };
		FA989968234DB67400B90122 /* SceneDelegate.swift */ = {isa = PBXFileReference; lastKnownFileType = sourcecode.swift; path = SceneDelegate.swift; sourceTree = "<group>"; };
		FA98996A234DB67400B90122 /* ViewController.swift */ = {isa = PBXFileReference; lastKnownFileType = sourcecode.swift; path = ViewController.swift; sourceTree = "<group>"; };
		FA98996D234DB67400B90122 /* Base */ = {isa = PBXFileReference; lastKnownFileType = file.storyboard; name = Base; path = Base.lproj/Main.storyboard; sourceTree = "<group>"; };
		FA989970234DB67400B90122 /* BUBusTracker.xcdatamodel */ = {isa = PBXFileReference; lastKnownFileType = wrapper.xcdatamodel; path = BUBusTracker.xcdatamodel; sourceTree = "<group>"; };
		FA989972234DB67400B90122 /* Assets.xcassets */ = {isa = PBXFileReference; lastKnownFileType = folder.assetcatalog; path = Assets.xcassets; sourceTree = "<group>"; };
		FA989975234DB67400B90122 /* Base */ = {isa = PBXFileReference; lastKnownFileType = file.storyboard; name = Base; path = Base.lproj/LaunchScreen.storyboard; sourceTree = "<group>"; };
		FA989977234DB67400B90122 /* Info.plist */ = {isa = PBXFileReference; lastKnownFileType = text.plist.xml; path = Info.plist; sourceTree = "<group>"; };
/* End PBXFileReference section */

/* Begin PBXFrameworksBuildPhase section */
		FA989960234DB67400B90122 /* Frameworks */ = {
			isa = PBXFrameworksBuildPhase;
			buildActionMask = 2147483647;
			files = (
			);
			runOnlyForDeploymentPostprocessing = 0;
		};
/* End PBXFrameworksBuildPhase section */

/* Begin PBXGroup section */
		FA98995A234DB67400B90122 = {
			isa = PBXGroup;
			children = (
				FA989965234DB67400B90122 /* BUBusTracker */,
				FA989964234DB67400B90122 /* Products */,
			);
			sourceTree = "<group>";
		};
		FA989964234DB67400B90122 /* Products */ = {
			isa = PBXGroup;
			children = (
				FA989963234DB67400B90122 /* BUBusTracker.app */,
			);
			name = Products;
			sourceTree = "<group>";
		};
		FA989965234DB67400B90122 /* BUBusTracker */ = {
			isa = PBXGroup;
			children = (
				FA989966234DB67400B90122 /* AppDelegate.swift */,
				FA989968234DB67400B90122 /* SceneDelegate.swift */,
				FA98996A234DB67400B90122 /* ViewController.swift */,
				FA98996C234DB67400B90122 /* Main.storyboard */,
				FA989972234DB67400B90122 /* Assets.xcassets */,
				FA989974234DB67400B90122 /* LaunchScreen.storyboard */,
				FA989977234DB67400B90122 /* Info.plist */,
				FA98996F234DB67400B90122 /* BUBusTracker.xcdatamodeld */,
			);
			path = BUBusTracker;
			sourceTree = "<group>";
		};
/* End PBXGroup section */

/* Begin PBXNativeTarget section */
		FA989962234DB67400B90122 /* BUBusTracker */ = {
			isa = PBXNativeTarget;
			buildConfigurationList = FA98997A234DB67400B90122 /* Build configuration list for PBXNativeTarget "BUBusTracker" */;
			buildPhases = (
				FA98995F234DB67400B90122 /* Sources */,
				FA989960234DB67400B90122 /* Frameworks */,
				FA989961234DB67400B90122 /* Resources */,
			);
			buildRules = (
			);
			dependencies = (
			);
			name = BUBusTracker;
			productName = BUBusTracker;
			productReference = FA989963234DB67400B90122 /* BUBusTracker.app */;
			productType = "com.apple.product-type.application";
		};
/* End PBXNativeTarget section */

/* Begin PBXProject section */
		FA98995B234DB67400B90122 /* Project object */ = {
			isa = PBXProject;
			attributes = {
				LastSwiftUpdateCheck = 1100;
				LastUpgradeCheck = 1100;
				ORGANIZATIONNAME = AlexSikand;
				TargetAttributes = {
					FA989962234DB67400B90122 = {
						CreatedOnToolsVersion = 11.0;
					};
				};
			};
			buildConfigurationList = FA98995E234DB67400B90122 /* Build configuration list for PBXProject "BUBusTracker" */;
			compatibilityVersion = "Xcode 9.3";
			developmentRegion = en;
			hasScannedForEncodings = 0;
			knownRegions = (
				en,
				Base,
			);
			mainGroup = FA98995A234DB67400B90122;
			productRefGroup = FA989964234DB67400B90122 /* Products */;
			projectDirPath = "";
			projectRoot = "";
			targets = (
				FA989962234DB67400B90122 /* BUBusTracker */,
			);
		};
/* End PBXProject section */

/* Begin PBXResourcesBuildPhase section */
		FA989961234DB67400B90122 /* Resources */ = {
			isa = PBXResourcesBuildPhase;
			buildActionMask = 2147483647;
			files = (
				FA989976234DB67400B90122 /* LaunchScreen.storyboard in Resources */,
				FA989973234DB67400B90122 /* Assets.xcassets in Resources */,
				FA98996E234DB67400B90122 /* Main.storyboard in Resources */,
			);
			runOnlyForDeploymentPostprocessing = 0;
		};
/* End PBXResourcesBuildPhase section */

/* Begin PBXSourcesBuildPhase section */
		FA98995F234DB67400B90122 /* Sources */ = {
			isa = PBXSourcesBuildPhase;
			buildActionMask = 2147483647;
			files = (
				FA98996B234DB67400B90122 /* ViewController.swift in Sources */,
				FA989967234DB67400B90122 /* AppDelegate.swift in Sources */,
				FA989971234DB67400B90122 /* BUBusTracker.xcdatamodeld in Sources */,
				FA989969234DB67400B90122 /* SceneDelegate.swift in Sources */,
			);
			runOnlyForDeploymentPostprocessing = 0;
		};
/* End PBXSourcesBuildPhase section */

/* Begin PBXVariantGroup section */
		FA98996C234DB67400B90122 /* Main.storyboard */ = {
			isa = PBXVariantGroup;
			children = (
				FA98996D234DB67400B90122 /* Base */,
			);
			name = Main.storyboard;
			sourceTree = "<group>";
		};
		FA989974234DB67400B90122 /* LaunchScreen.storyboard */ = {
			isa = PBXVariantGroup;
			children = (
				FA989975234DB67400B90122 /* Base */,
			);
			name = LaunchScreen.storyboard;
			sourceTree = "<group>";
		};
/* End PBXVariantGroup section */

/* Begin XCBuildConfiguration section */
		FA989978234DB67400B90122 /* Debug */ = {
			isa = XCBuildConfiguration;
			buildSettings = {
				ALWAYS_SEARCH_USER_PATHS = NO;
				CLANG_ANALYZER_NONNULL = YES;
				CLANG_ANALYZER_NUMBER_OBJECT_CONVERSION = YES_AGGRESSIVE;
				CLANG_CXX_LANGUAGE_STANDARD = "gnu++14";
				CLANG_CXX_LIBRARY = "libc++";
				CLANG_ENABLE_MODULES = YES;
				CLANG_ENABLE_OBJC_ARC = YES;
				CLANG_ENABLE_OBJC_WEAK = YES;
				CLANG_WARN_BLOCK_CAPTURE_AUTORELEASING = YES;
				CLANG_WARN_BOOL_CONVERSION = YES;
				CLANG_WARN_COMMA = YES;
				CLANG_WARN_CONSTANT_CONVERSION = YES;
				CLANG_WARN_DEPRECATED_OBJC_IMPLEMENTATIONS = YES;
				CLANG_WARN_DIRECT_OBJC_ISA_USAGE = YES_ERROR;
				CLANG_WARN_DOCUMENTATION_COMMENTS = YES;
				CLANG_WARN_EMPTY_BODY = YES;
				CLANG_WARN_ENUM_CONVERSION = YES;
				CLANG_WARN_INFINITE_RECURSION = YES;
				CLANG_WARN_INT_CONVERSION = YES;
				CLANG_WARN_NON_LITERAL_NULL_CONVERSION = YES;
				CLANG_WARN_OBJC_IMPLICIT_RETAIN_SELF = YES;
				CLANG_WARN_OBJC_LITERAL_CONVERSION = YES;
				CLANG_WARN_OBJC_ROOT_CLASS = YES_ERROR;
				CLANG_WARN_RANGE_LOOP_ANALYSIS = YES;
				CLANG_WARN_STRICT_PROTOTYPES = YES;
				CLANG_WARN_SUSPICIOUS_MOVE = YES;
				CLANG_WARN_UNGUARDED_AVAILABILITY = YES_AGGRESSIVE;
				CLANG_WARN_UNREACHABLE_CODE = YES;
				CLANG_WARN__DUPLICATE_METHOD_MATCH = YES;
				COPY_PHASE_STRIP = NO;
				DEBUG_INFORMATION_FORMAT = dwarf;
				ENABLE_STRICT_OBJC_MSGSEND = YES;
				ENABLE_TESTABILITY = YES;
				GCC_C_LANGUAGE_STANDARD = gnu11;
				GCC_DYNAMIC_NO_PIC = NO;
				GCC_NO_COMMON_BLOCKS = YES;
				GCC_OPTIMIZATION_LEVEL = 0;
				GCC_PREPROCESSOR_DEFINITIONS = (
					"DEBUG=1",
					"$(inherited)",
				);
				GCC_WARN_64_TO_32_BIT_CONVERSION = YES;
				GCC_WARN_ABOUT_RETURN_TYPE = YES_ERROR;
				GCC_WARN_UNDECLARED_SELECTOR = YES;
				GCC_WARN_UNINITIALIZED_AUTOS = YES_AGGRESSIVE;
				GCC_WARN_UNUSED_FUNCTION = YES;
				GCC_WARN_UNUSED_VARIABLE = YES;
				IPHONEOS_DEPLOYMENT_TARGET = 13.0;
				MTL_ENABLE_DEBUG_INFO = INCLUDE_SOURCE;
				MTL_FAST_MATH = YES;
				ONLY_ACTIVE_ARCH = YES;
				SDKROOT = iphoneos;
				SWIFT_ACTIVE_COMPILATION_CONDITIONS = DEBUG;
				SWIFT_OPTIMIZATION_LEVEL = "-Onone";
			};
			name = Debug;
		};
		FA989979234DB67400B90122 /* Release */ = {
			isa = XCBuildConfiguration;
			buildSettings = {
				ALWAYS_SEARCH_USER_PATHS = NO;
				CLANG_ANALYZER_NONNULL = YES;
				CLANG_ANALYZER_NUMBER_OBJECT_CONVERSION = YES_AGGRESSIVE;
				CLANG_CXX_LANGUAGE_STANDARD = "gnu++14";
				CLANG_CXX_LIBRARY = "libc++";
				CLANG_ENABLE_MODULES = YES;
				CLANG_ENABLE_OBJC_ARC = YES;
				CLANG_ENABLE_OBJC_WEAK = YES;
				CLANG_WARN_BLOCK_CAPTURE_AUTORELEASING = YES;
				CLANG_WARN_BOOL_CONVERSION = YES;
				CLANG_WARN_COMMA = YES;
				CLANG_WARN_CONSTANT_CONVERSION = YES;
				CLANG_WARN_DEPRECATED_OBJC_IMPLEMENTATIONS = YES;
				CLANG_WARN_DIRECT_OBJC_ISA_USAGE = YES_ERROR;
				CLANG_WARN_DOCUMENTATION_COMMENTS = YES;
				CLANG_WARN_EMPTY_BODY = YES;
				CLANG_WARN_ENUM_CONVERSION = YES;
				CLANG_WARN_INFINITE_RECURSION = YES;
				CLANG_WARN_INT_CONVERSION = YES;
				CLANG_WARN_NON_LITERAL_NULL_CONVERSION = YES;
				CLANG_WARN_OBJC_IMPLICIT_RETAIN_SELF = YES;
				CLANG_WARN_OBJC_LITERAL_CONVERSION = YES;
				CLANG_WARN_OBJC_ROOT_CLASS = YES_ERROR;
				CLANG_WARN_RANGE_LOOP_ANALYSIS = YES;
				CLANG_WARN_STRICT_PROTOTYPES = YES;
				CLANG_WARN_SUSPICIOUS_MOVE = YES;
				CLANG_WARN_UNGUARDED_AVAILABILITY = YES_AGGRESSIVE;
				CLANG_WARN_UNREACHABLE_CODE = YES;
				CLANG_WARN__DUPLICATE_METHOD_MATCH = YES;
				COPY_PHASE_STRIP = NO;
				DEBUG_INFORMATION_FORMAT = "dwarf-with-dsym";
				ENABLE_NS_ASSERTIONS = NO;
				ENABLE_STRICT_OBJC_MSGSEND = YES;
				GCC_C_LANGUAGE_STANDARD = gnu11;
				GCC_NO_COMMON_BLOCKS = YES;
				GCC_WARN_64_TO_32_BIT_CONVERSION = YES;
				GCC_WARN_ABOUT_RETURN_TYPE = YES_ERROR;
				GCC_WARN_UNDECLARED_SELECTOR = YES;
				GCC_WARN_UNINITIALIZED_AUTOS = YES_AGGRESSIVE;
				GCC_WARN_UNUSED_FUNCTION = YES;
				GCC_WARN_UNUSED_VARIABLE = YES;
				IPHONEOS_DEPLOYMENT_TARGET = 13.0;
				MTL_ENABLE_DEBUG_INFO = NO;
				MTL_FAST_MATH = YES;
				SDKROOT = iphoneos;
				SWIFT_COMPILATION_MODE = wholemodule;
				SWIFT_OPTIMIZATION_LEVEL = "-O";
				VALIDATE_PRODUCT = YES;
			};
			name = Release;
		};
		FA98997B234DB67400B90122 /* Debug */ = {
			isa = XCBuildConfiguration;
			buildSettings = {
				ASSETCATALOG_COMPILER_APPICON_NAME = AppIcon;
				CODE_SIGN_STYLE = Automatic;
				DEVELOPMENT_TEAM = YE7HZZ3247;
				INFOPLIST_FILE = BUBusTracker/Info.plist;
				LD_RUNPATH_SEARCH_PATHS = (
					"$(inherited)",
					"@executable_path/Frameworks",
				);
				PRODUCT_BUNDLE_IDENTIFIER = com.sikand.BUBusTracker;
				PRODUCT_NAME = "$(TARGET_NAME)";
				SWIFT_VERSION = 5.0;
				TARGETED_DEVICE_FAMILY = "1,2";
			};
			name = Debug;
		};
		FA98997C234DB67400B90122 /* Release */ = {
			isa = XCBuildConfiguration;
			buildSettings = {
				ASSETCATALOG_COMPILER_APPICON_NAME = AppIcon;
				CODE_SIGN_STYLE = Automatic;
				DEVELOPMENT_TEAM = YE7HZZ3247;
				INFOPLIST_FILE = BUBusTracker/Info.plist;
				LD_RUNPATH_SEARCH_PATHS = (
					"$(inherited)",
					"@executable_path/Frameworks",
				);
				PRODUCT_BUNDLE_IDENTIFIER = com.sikand.BUBusTracker;
				PRODUCT_NAME = "$(TARGET_NAME)";
				SWIFT_VERSION = 5.0;
				TARGETED_DEVICE_FAMILY = "1,2";
			};
			name = Release;
		};
/* End XCBuildConfiguration section */

/* Begin XCConfigurationList section */
		FA98995E234DB67400B90122 /* Build configuration list for PBXProject "BUBusTracker" */ = {
			isa = XCConfigurationList;
			buildConfigurations = (
				FA989978234DB67400B90122 /* Debug */,
				FA989979234DB67400B90122 /* Release */,
			);
			defaultConfigurationIsVisible = 0;
			defaultConfigurationName = Release;
		};
		FA98997A234DB67400B90122 /* Build configuration list for PBXNativeTarget "BUBusTracker" */ = {
			isa = XCConfigurationList;
			buildConfigurations = (
				FA98997B234DB67400B90122 /* Debug */,
				FA98997C234DB67400B90122 /* Release */,
			);
			defaultConfigurationIsVisible = 0;
			defaultConfigurationName = Release;
		};
/* End XCConfigurationList section */

/* Begin XCVersionGroup section */
		FA98996F234DB67400B90122 /* BUBusTracker.xcdatamodeld */ = {
			isa = XCVersionGroup;
			children = (
				FA989970234DB67400B90122 /* BUBusTracker.xcdatamodel */,
			);
			currentVersion = FA989970234DB67400B90122 /* BUBusTracker.xcdatamodel */;
			path = BUBusTracker.xcdatamodeld;
			sourceTree = "<group>";
			versionGroupType = wrapper.xcdatamodel;
		};
/* End XCVersionGroup section */
	};
	rootObject = FA98995B234DB67400B90122 /* Project object */;
}
